{
  "object": {
    "pins": [
      {
        "package": "LightXMLParser",
        "repositoryURL": "https://github.com/pedrodsac/LightXMLParser.git",
        "state": {
          "branch": "master",
          "revision": "52d8fa2ad6f2924b86b2896b2e2c1a025685e645",
          "version": null
        }
      }
    ]
  },
  "version": 1
}
